// !$*UTF8*$!
{
	archiveVersion = 1;
	classes = {
	};
	objectVersion = 56;
	objects = {

/* Begin PBXBuildFile section */
		B1E5EDFC2AE2D99C0057AAF8 /* PokerAppApp.swift in Sources */ = {isa = PBXBuildFile; fileRef = B1E5EDFB2AE2D99C0057AAF8 /* PokerAppApp.swift */; };
		B1E5EDFE2AE2D99C0057AAF8 /* ContentView.swift in Sources */ = {isa = PBXBuildFile; fileRef = B1E5EDFD2AE2D99C0057AAF8 /* ContentView.swift */; };
		B1E5EE002AE2D99D0057AAF8 /* Assets.xcassets in Resources */ = {isa = PBXBuildFile; fileRef = B1E5EDFF2AE2D99D0057AAF8 /* Assets.xcassets */; };
		B1E5EE032AE2D99D0057AAF8 /* Preview Assets.xcassets in Resources */ = {isa = PBXBuildFile; fileRef = B1E5EE022AE2D99D0057AAF8 /* Preview Assets.xcassets */; };
		B1E5EE0D2AE2D99D0057AAF8 /* PokerAppTests.swift in Sources */ = {isa = PBXBuildFile; fileRef = B1E5EE0C2AE2D99D0057AAF8 /* PokerAppTests.swift */; };
		B1E5EE172AE2D99D0057AAF8 /* PokerAppUITests.swift in Sources */ = {isa = PBXBuildFile; fileRef = B1E5EE162AE2D99D0057AAF8 /* PokerAppUITests.swift */; };
		B1E5EE192AE2D99D0057AAF8 /* PokerAppUITestsLaunchTests.swift in Sources */ = {isa = PBXBuildFile; fileRef = B1E5EE182AE2D99D0057AAF8 /* PokerAppUITestsLaunchTests.swift */; };
/* End PBXBuildFile section */

/* Begin PBXContainerItemProxy section */
		B1E5EE092AE2D99D0057AAF8 /* PBXContainerItemProxy */ = {
			isa = PBXContainerItemProxy;
			containerPortal = B1E5EDF02AE2D99C0057AAF8 /* Project object */;
			proxyType = 1;
			remoteGlobalIDString = B1E5EDF72AE2D99C0057AAF8;
			remoteInfo = PokerApp;
		};
		B1E5EE132AE2D99D0057AAF8 /* PBXContainerItemProxy */ = {
			isa = PBXContainerItemProxy;
			containerPortal = B1E5EDF02AE2D99C0057AAF8 /* Project object */;
			proxyType = 1;
			remoteGlobalIDString = B1E5EDF72AE2D99C0057AAF8;
			remoteInfo = PokerApp;
		};
/* End PBXContainerItemProxy section */

/* Begin PBXFileReference section */
		B1E5EDF82AE2D99C0057AAF8 /* PokerApp.app */ = {isa = PBXFileReference; explicitFileType = wrapper.application; includeInIndex = 0; path = PokerApp.app; sourceTree = BUILT_PRODUCTS_DIR; };
		B1E5EDFB2AE2D99C0057AAF8 /* PokerAppApp.swift */ = {isa = PBXFileReference; lastKnownFileType = sourcecode.swift; path = PokerAppApp.swift; sourceTree = "<group>"; };
		B1E5EDFD2AE2D99C0057AAF8 /* ContentView.swift */ = {isa = PBXFileReference; lastKnownFileType = sourcecode.swift; path = ContentView.swift; sourceTree = "<group>"; };
		B1E5EDFF2AE2D99D0057AAF8 /* Assets.xcassets */ = {isa = PBXFileReference; lastKnownFileType = folder.assetcatalog; path = Assets.xcassets; sourceTree = "<group>"; };
		B1E5EE022AE2D99D0057AAF8 /* Preview Assets.xcassets */ = {isa = PBXFileReference; lastKnownFileType = folder.assetcatalog; path = "Preview Assets.xcassets"; sourceTree = "<group>"; };
		B1E5EE082AE2D99D0057AAF8 /* PokerAppTests.xctest */ = {isa = PBXFileReference; explicitFileType = wrapper.cfbundle; includeInIndex = 0; path = PokerAppTests.xctest; sourceTree = BUILT_PRODUCTS_DIR; };
		B1E5EE0C2AE2D99D0057AAF8 /* PokerAppTests.swift */ = {isa = PBXFileReference; lastKnownFileType = sourcecode.swift; path = PokerAppTests.swift; sourceTree = "<group>"; };
		B1E5EE122AE2D99D0057AAF8 /* PokerAppUITests.xctest */ = {isa = PBXFileReference; explicitFileType = wrapper.cfbundle; includeInIndex = 0; path = PokerAppUITests.xctest; sourceTree = BUILT_PRODUCTS_DIR; };
		B1E5EE162AE2D99D0057AAF8 /* PokerAppUITests.swift */ = {isa = PBXFileReference; lastKnownFileType = sourcecode.swift; path = PokerAppUITests.swift; sourceTree = "<group>"; };
		B1E5EE182AE2D99D0057AAF8 /* PokerAppUITestsLaunchTests.swift */ = {isa = PBXFileReference; lastKnownFileType = sourcecode.swift; path = PokerAppUITestsLaunchTests.swift; sourceTree = "<group>"; };
/* End PBXFileReference section */

/* Begin PBXFrameworksBuildPhase section */
		B1E5EDF52AE2D99C0057AAF8 /* Frameworks */ = {
			isa = PBXFrameworksBuildPhase;
			buildActionMask = 2147483647;
			files = (
			);
			runOnlyForDeploymentPostprocessing = 0;
		};
		B1E5EE052AE2D99D0057AAF8 /* Frameworks */ = {
			isa = PBXFrameworksBuildPhase;
			buildActionMask = 2147483647;
			files = (
			);
			runOnlyForDeploymentPostprocessing = 0;
		};
		B1E5EE0F2AE2D99D0057AAF8 /* Frameworks */ = {
			isa = PBXFrameworksBuildPhase;
			buildActionMask = 2147483647;
			files = (
			);
			runOnlyForDeploymentPostprocessing = 0;
		};
/* End PBXFrameworksBuildPhase section */

/* Begin PBXGroup section */
		B1E5EDEF2AE2D99C0057AAF8 = {
			isa = PBXGroup;
			children = (
				B1E5EDFA2AE2D99C0057AAF8 /* PokerApp */,
				B1E5EE0B2AE2D99D0057AAF8 /* PokerAppTests */,
				B1E5EE152AE2D99D0057AAF8 /* PokerAppUITests */,
				B1E5EDF92AE2D99C0057AAF8 /* Products */,
			);
			sourceTree = "<group>";
		};
		B1E5EDF92AE2D99C0057AAF8 /* Products */ = {
			isa = PBXGroup;
			children = (
				B1E5EDF82AE2D99C0057AAF8 /* PokerApp.app */,
				B1E5EE082AE2D99D0057AAF8 /* PokerAppTests.xctest */,
				B1E5EE122AE2D99D0057AAF8 /* PokerAppUITests.xctest */,
			);
			name = Products;
			sourceTree = "<group>";
		};
		B1E5EDFA2AE2D99C0057AAF8 /* PokerApp */ = {
			isa = PBXGroup;
			children = (
				B1E5EDFB2AE2D99C0057AAF8 /* PokerAppApp.swift */,
				B1E5EDFD2AE2D99C0057AAF8 /* ContentView.swift */,
				B1E5EDFF2AE2D99D0057AAF8 /* Assets.xcassets */,
				B1E5EE012AE2D99D0057AAF8 /* Preview Content */,
			);
			path = PokerApp;
			sourceTree = "<group>";
		};
		B1E5EE012AE2D99D0057AAF8 /* Preview Content */ = {
			isa = PBXGroup;
			children = (
				B1E5EE022AE2D99D0057AAF8 /* Preview Assets.xcassets */,
			);
			path = "Preview Content";
			sourceTree = "<group>";
		};
		B1E5EE0B2AE2D99D0057AAF8 /* PokerAppTests */ = {
			isa = PBXGroup;
			children = (
				B1E5EE0C2AE2D99D0057AAF8 /* PokerAppTests.swift */,
			);
			path = PokerAppTests;
			sourceTree = "<group>";
		};
		B1E5EE152AE2D99D0057AAF8 /* PokerAppUITests */ = {
			isa = PBXGroup;
			children = (
				B1E5EE162AE2D99D0057AAF8 /* PokerAppUITests.swift */,
				B1E5EE182AE2D99D0057AAF8 /* PokerAppUITestsLaunchTests.swift */,
			);
			path = PokerAppUITests;
			sourceTree = "<group>";
		};
/* End PBXGroup section */

/* Begin PBXNativeTarget section */
		B1E5EDF72AE2D99C0057AAF8 /* PokerApp */ = {
			isa = PBXNativeTarget;
			buildConfigurationList = B1E5EE1C2AE2D99D0057AAF8 /* Build configuration list for PBXNativeTarget "PokerApp" */;
			buildPhases = (
				B1E5EDF42AE2D99C0057AAF8 /* Sources */,
				B1E5EDF52AE2D99C0057AAF8 /* Frameworks */,
				B1E5EDF62AE2D99C0057AAF8 /* Resources */,
			);
			buildRules = (
			);
			dependencies = (
			);
			name = PokerApp;
			productName = PokerApp;
			productReference = B1E5EDF82AE2D99C0057AAF8 /* PokerApp.app */;
			productType = "com.apple.product-type.application";
		};
		B1E5EE072AE2D99D0057AAF8 /* PokerAppTests */ = {
			isa = PBXNativeTarget;
			buildConfigurationList = B1E5EE1F2AE2D99D0057AAF8 /* Build configuration list for PBXNativeTarget "PokerAppTests" */;
			buildPhases = (
				B1E5EE042AE2D99D0057AAF8 /* Sources */,
				B1E5EE052AE2D99D0057AAF8 /* Frameworks */,
				B1E5EE062AE2D99D0057AAF8 /* Resources */,
			);
			buildRules = (
			);
			dependencies = (
				B1E5EE0A2AE2D99D0057AAF8 /* PBXTargetDependency */,
			);
			name = PokerAppTests;
			productName = PokerAppTests;
			productReference = B1E5EE082AE2D99D0057AAF8 /* PokerAppTests.xctest */;
			productType = "com.apple.product-type.bundle.unit-test";
		};
		B1E5EE112AE2D99D0057AAF8 /* PokerAppUITests */ = {
			isa = PBXNativeTarget;
			buildConfigurationList = B1E5EE222AE2D99D0057AAF8 /* Build configuration list for PBXNativeTarget "PokerAppUITests" */;
			buildPhases = (
				B1E5EE0E2AE2D99D0057AAF8 /* Sources */,
				B1E5EE0F2AE2D99D0057AAF8 /* Frameworks */,
				B1E5EE102AE2D99D0057AAF8 /* Resources */,
			);
			buildRules = (
			);
			dependencies = (
				B1E5EE142AE2D99D0057AAF8 /* PBXTargetDependency */,
			);
			name = PokerAppUITests;
			productName = PokerAppUITests;
			productReference = B1E5EE122AE2D99D0057AAF8 /* PokerAppUITests.xctest */;
			productType = "com.apple.product-type.bundle.ui-testing";
		};
/* End PBXNativeTarget section */

/* Begin PBXProject section */
		B1E5EDF02AE2D99C0057AAF8 /* Project object */ = {
			isa = PBXProject;
			attributes = {
				BuildIndependentTargetsInParallel = 1;
				LastSwiftUpdateCheck = 1500;
				LastUpgradeCheck = 1500;
				TargetAttributes = {
					B1E5EDF72AE2D99C0057AAF8 = {
						CreatedOnToolsVersion = 15.0.1;
					};
					B1E5EE072AE2D99D0057AAF8 = {
						CreatedOnToolsVersion = 15.0.1;
						TestTargetID = B1E5EDF72AE2D99C0057AAF8;
					};
					B1E5EE112AE2D99D0057AAF8 = {
						CreatedOnToolsVersion = 15.0.1;
						TestTargetID = B1E5EDF72AE2D99C0057AAF8;
					};
				};
			};
			buildConfigurationList = B1E5EDF32AE2D99C0057AAF8 /* Build configuration list for PBXProject "PokerApp" */;
			compatibilityVersion = "Xcode 14.0";
			developmentRegion = en;
			hasScannedForEncodings = 0;
			knownRegions = (
				en,
				Base,
			);
			mainGroup = B1E5EDEF2AE2D99C0057AAF8;
			productRefGroup = B1E5EDF92AE2D99C0057AAF8 /* Products */;
			projectDirPath = "";
			projectRoot = "";
			targets = (
				B1E5EDF72AE2D99C0057AAF8 /* PokerApp */,
				B1E5EE072AE2D99D0057AAF8 /* PokerAppTests */,
				B1E5EE112AE2D99D0057AAF8 /* PokerAppUITests */,
			);
		};
/* End PBXProject section */

/* Begin PBXResourcesBuildPhase section */
		B1E5EDF62AE2D99C0057AAF8 /* Resources */ = {
			isa = PBXResourcesBuildPhase;
			buildActionMask = 2147483647;
			files = (
				B1E5EE032AE2D99D0057AAF8 /* Preview Assets.xcassets in Resources */,
				B1E5EE002AE2D99D0057AAF8 /* Assets.xcassets in Resources */,
			);
			runOnlyForDeploymentPostprocessing = 0;
		};
		B1E5EE062AE2D99D0057AAF8 /* Resources */ = {
			isa = PBXResourcesBuildPhase;
			buildActionMask = 2147483647;
			files = (
			);
			runOnlyForDeploymentPostprocessing = 0;
		};
		B1E5EE102AE2D99D0057AAF8 /* Resources */ = {
			isa = PBXResourcesBuildPhase;
			buildActionMask = 2147483647;
			files = (
			);
			runOnlyForDeploymentPostprocessing = 0;
		};
/* End PBXResourcesBuildPhase section */

/* Begin PBXSourcesBuildPhase section */
		B1E5EDF42AE2D99C0057AAF8 /* Sources */ = {
			isa = PBXSourcesBuildPhase;
			buildActionMask = 2147483647;
			files = (
				B1E5EDFE2AE2D99C0057AAF8 /* ContentView.swift in Sources */,
				B1E5EDFC2AE2D99C0057AAF8 /* PokerAppApp.swift in Sources */,
			);
			runOnlyForDeploymentPostprocessing = 0;
		};
		B1E5EE042AE2D99D0057AAF8 /* Sources */ = {
			isa = PBXSourcesBuildPhase;
			buildActionMask = 2147483647;
			files = (
				B1E5EE0D2AE2D99D0057AAF8 /* PokerAppTests.swift in Sources */,
			);
			runOnlyForDeploymentPostprocessing = 0;
		};
		B1E5EE0E2AE2D99D0057AAF8 /* Sources */ = {
			isa = PBXSourcesBuildPhase;
			buildActionMask = 2147483647;
			files = (
				B1E5EE192AE2D99D0057AAF8 /* PokerAppUITestsLaunchTests.swift in Sources */,
				B1E5EE172AE2D99D0057AAF8 /* PokerAppUITests.swift in Sources */,
			);
			runOnlyForDeploymentPostprocessing = 0;
		};
/* End PBXSourcesBuildPhase section */

/* Begin PBXTargetDependency section */
		B1E5EE0A2AE2D99D0057AAF8 /* PBXTargetDependency */ = {
			isa = PBXTargetDependency;
			target = B1E5EDF72AE2D99C0057AAF8 /* PokerApp */;
			targetProxy = B1E5EE092AE2D99D0057AAF8 /* PBXContainerItemProxy */;
		};
		B1E5EE142AE2D99D0057AAF8 /* PBXTargetDependency */ = {
			isa = PBXTargetDependency;
			target = B1E5EDF72AE2D99C0057AAF8 /* PokerApp */;
			targetProxy = B1E5EE132AE2D99D0057AAF8 /* PBXContainerItemProxy */;
		};
/* End PBXTargetDependency section */

/* Begin XCBuildConfiguration section */
		B1E5EE1A2AE2D99D0057AAF8 /* Debug */ = {
			isa = XCBuildConfiguration;
			buildSettings = {
				ALWAYS_SEARCH_USER_PATHS = NO;
				ASSETCATALOG_COMPILER_GENERATE_SWIFT_ASSET_SYMBOL_EXTENSIONS = YES;
				CLANG_ANALYZER_NONNULL = YES;
				CLANG_ANALYZER_NUMBER_OBJECT_CONVERSION = YES_AGGRESSIVE;
				CLANG_CXX_LANGUAGE_STANDARD = "gnu++20";
				CLANG_ENABLE_MODULES = YES;
				CLANG_ENABLE_OBJC_ARC = YES;
				CLANG_ENABLE_OBJC_WEAK = YES;
				CLANG_WARN_BLOCK_CAPTURE_AUTORELEASING = YES;
				CLANG_WARN_BOOL_CONVERSION = YES;
				CLANG_WARN_COMMA = YES;
				CLANG_WARN_CONSTANT_CONVERSION = YES;
				CLANG_WARN_DEPRECATED_OBJC_IMPLEMENTATIONS = YES;
				CLANG_WARN_DIRECT_OBJC_ISA_USAGE = YES_ERROR;
				CLANG_WARN_DOCUMENTATION_COMMENTS = YES;
				CLANG_WARN_EMPTY_BODY = YES;
				CLANG_WARN_ENUM_CONVERSION = YES;
				CLANG_WARN_INFINITE_RECURSION = YES;
				CLANG_WARN_INT_CONVERSION = YES;
				CLANG_WARN_NON_LITERAL_NULL_CONVERSION = YES;
				CLANG_WARN_OBJC_IMPLICIT_RETAIN_SELF = YES;
				CLANG_WARN_OBJC_LITERAL_CONVERSION = YES;
				CLANG_WARN_OBJC_ROOT_CLASS = YES_ERROR;
				CLANG_WARN_QUOTED_INCLUDE_IN_FRAMEWORK_HEADER = YES;
				CLANG_WARN_RANGE_LOOP_ANALYSIS = YES;
				CLANG_WARN_STRICT_PROTOTYPES = YES;
				CLANG_WARN_SUSPICIOUS_MOVE = YES;
				CLANG_WARN_UNGUARDED_AVAILABILITY = YES_AGGRESSIVE;
				CLANG_WARN_UNREACHABLE_CODE = YES;
				CLANG_WARN__DUPLICATE_METHOD_MATCH = YES;
				COPY_PHASE_STRIP = NO;
				DEBUG_INFORMATION_FORMAT = dwarf;
				ENABLE_STRICT_OBJC_MSGSEND = YES;
				ENABLE_TESTABILITY = YES;
				ENABLE_USER_SCRIPT_SANDBOXING = YES;
				GCC_C_LANGUAGE_STANDARD = gnu17;
				GCC_DYNAMIC_NO_PIC = NO;
				GCC_NO_COMMON_BLOCKS = YES;
				GCC_OPTIMIZATION_LEVEL = 0;
				GCC_PREPROCESSOR_DEFINITIONS = (
					"DEBUG=1",
					"$(inherited)",
				);
				GCC_WARN_64_TO_32_BIT_CONVERSION = YES;
				GCC_WARN_ABOUT_RETURN_TYPE = YES_ERROR;
				GCC_WARN_UNDECLARED_SELECTOR = YES;
				GCC_WARN_UNINITIALIZED_AUTOS = YES_AGGRESSIVE;
				GCC_WARN_UNUSED_FUNCTION = YES;
				GCC_WARN_UNUSED_VARIABLE = YES;
				IPHONEOS_DEPLOYMENT_TARGET = 17.0;
				LOCALIZATION_PREFERS_STRING_CATALOGS = YES;
				MTL_ENABLE_DEBUG_INFO = INCLUDE_SOURCE;
				MTL_FAST_MATH = YES;
				ONLY_ACTIVE_ARCH = YES;
				SDKROOT = iphoneos;
				SWIFT_ACTIVE_COMPILATION_CONDITIONS = "DEBUG $(inherited)";
				SWIFT_OPTIMIZATION_LEVEL = "-Onone";
			};
			name = Debug;
		};
		B1E5EE1B2AE2D99D0057AAF8 /* Release */ = {
			isa = XCBuildConfiguration;
			buildSettings = {
				ALWAYS_SEARCH_USER_PATHS = NO;
				ASSETCATALOG_COMPILER_GENERATE_SWIFT_ASSET_SYMBOL_EXTENSIONS = YES;
				CLANG_ANALYZER_NONNULL = YES;
				CLANG_ANALYZER_NUMBER_OBJECT_CONVERSION = YES_AGGRESSIVE;
				CLANG_CXX_LANGUAGE_STANDARD = "gnu++20";
				CLANG_ENABLE_MODULES = YES;
				CLANG_ENABLE_OBJC_ARC = YES;
				CLANG_ENABLE_OBJC_WEAK = YES;
				CLANG_WARN_BLOCK_CAPTURE_AUTORELEASING = YES;
				CLANG_WARN_BOOL_CONVERSION = YES;
				CLANG_WARN_COMMA = YES;
				CLANG_WARN_CONSTANT_CONVERSION = YES;
				CLANG_WARN_DEPRECATED_OBJC_IMPLEMENTATIONS = YES;
				CLANG_WARN_DIRECT_OBJC_ISA_USAGE = YES_ERROR;
				CLANG_WARN_DOCUMENTATION_COMMENTS = YES;
				CLANG_WARN_EMPTY_BODY = YES;
				CLANG_WARN_ENUM_CONVERSION = YES;
				CLANG_WARN_INFINITE_RECURSION = YES;
				CLANG_WARN_INT_CONVERSION = YES;
				CLANG_WARN_NON_LITERAL_NULL_CONVERSION = YES;
				CLANG_WARN_OBJC_IMPLICIT_RETAIN_SELF = YES;
				CLANG_WARN_OBJC_LITERAL_CONVERSION = YES;
				CLANG_WARN_OBJC_ROOT_CLASS = YES_ERROR;
				CLANG_WARN_QUOTED_INCLUDE_IN_FRAMEWORK_HEADER = YES;
				CLANG_WARN_RANGE_LOOP_ANALYSIS = YES;
				CLANG_WARN_STRICT_PROTOTYPES = YES;
				CLANG_WARN_SUSPICIOUS_MOVE = YES;
				CLANG_WARN_UNGUARDED_AVAILABILITY = YES_AGGRESSIVE;
				CLANG_WARN_UNREACHABLE_CODE = YES;
				CLANG_WARN__DUPLICATE_METHOD_MATCH = YES;
				COPY_PHASE_STRIP = NO;
				DEBUG_INFORMATION_FORMAT = "dwarf-with-dsym";
				ENABLE_NS_ASSERTIONS = NO;
				ENABLE_STRICT_OBJC_MSGSEND = YES;
				ENABLE_USER_SCRIPT_SANDBOXING = YES;
				GCC_C_LANGUAGE_STANDARD = gnu17;
				GCC_NO_COMMON_BLOCKS = YES;
				GCC_WARN_64_TO_32_BIT_CONVERSION = YES;
				GCC_WARN_ABOUT_RETURN_TYPE = YES_ERROR;
				GCC_WARN_UNDECLARED_SELECTOR = YES;
				GCC_WARN_UNINITIALIZED_AUTOS = YES_AGGRESSIVE;
				GCC_WARN_UNUSED_FUNCTION = YES;
				GCC_WARN_UNUSED_VARIABLE = YES;
				IPHONEOS_DEPLOYMENT_TARGET = 17.0;
				LOCALIZATION_PREFERS_STRING_CATALOGS = YES;
				MTL_ENABLE_DEBUG_INFO = NO;
				MTL_FAST_MATH = YES;
				SDKROOT = iphoneos;
				SWIFT_COMPILATION_MODE = wholemodule;
				VALIDATE_PRODUCT = YES;
			};
			name = Release;
		};
		B1E5EE1D2AE2D99D0057AAF8 /* Debug */ = {
			isa = XCBuildConfiguration;
			buildSettings = {
				ASSETCATALOG_COMPILER_APPICON_NAME = AppIcon;
				ASSETCATALOG_COMPILER_GLOBAL_ACCENT_COLOR_NAME = AccentColor;
				CODE_SIGN_STYLE = Automatic;
				CURRENT_PROJECT_VERSION = 1;
				DEVELOPMENT_ASSET_PATHS = "\"PokerApp/Preview Content\"";
				ENABLE_PREVIEWS = YES;
				GENERATE_INFOPLIST_FILE = YES;
				INFOPLIST_KEY_UIApplicationSceneManifest_Generation = YES;
				INFOPLIST_KEY_UIApplicationSupportsIndirectInputEvents = YES;
				INFOPLIST_KEY_UILaunchScreen_Generation = YES;
				INFOPLIST_KEY_UISupportedInterfaceOrientations_iPad = "UIInterfaceOrientationPortrait UIInterfaceOrientationPortraitUpsideDown UIInterfaceOrientationLandscapeLeft UIInterfaceOrientationLandscapeRight";
				INFOPLIST_KEY_UISupportedInterfaceOrientations_iPhone = "UIInterfaceOrientationPortrait UIInterfaceOrientationLandscapeLeft UIInterfaceOrientationLandscapeRight";
				LD_RUNPATH_SEARCH_PATHS = (
					"$(inherited)",
					"@executable_path/Frameworks",
				);
				MARKETING_VERSION = 1.0;
				PRODUCT_BUNDLE_IDENTIFIER = jackson.PokerApp;
				PRODUCT_NAME = "$(TARGET_NAME)";
				SWIFT_EMIT_LOC_STRINGS = YES;
				SWIFT_VERSION = 5.0;
				TARGETED_DEVICE_FAMILY = "1,2";
			};
			name = Debug;
		};
		B1E5EE1E2AE2D99D0057AAF8 /* Release */ = {
			isa = XCBuildConfiguration;
			buildSettings = {
				ASSETCATALOG_COMPILER_APPICON_NAME = AppIcon;
				ASSETCATALOG_COMPILER_GLOBAL_ACCENT_COLOR_NAME = AccentColor;
				CODE_SIGN_STYLE = Automatic;
				CURRENT_PROJECT_VERSION = 1;
				DEVELOPMENT_ASSET_PATHS = "\"PokerApp/Preview Content\"";
				ENABLE_PREVIEWS = YES;
				GENERATE_INFOPLIST_FILE = YES;
				INFOPLIST_KEY_UIApplicationSceneManifest_Generation = YES;
				INFOPLIST_KEY_UIApplicationSupportsIndirectInputEvents = YES;
				INFOPLIST_KEY_UILaunchScreen_Generation = YES;
				INFOPLIST_KEY_UISupportedInterfaceOrientations_iPad = "UIInterfaceOrientationPortrait UIInterfaceOrientationPortraitUpsideDown UIInterfaceOrientationLandscapeLeft UIInterfaceOrientationLandscapeRight";
				INFOPLIST_KEY_UISupportedInterfaceOrientations_iPhone = "UIInterfaceOrientationPortrait UIInterfaceOrientationLandscapeLeft UIInterfaceOrientationLandscapeRight";
				LD_RUNPATH_SEARCH_PATHS = (
					"$(inherited)",
					"@executable_path/Frameworks",
				);
				MARKETING_VERSION = 1.0;
				PRODUCT_BUNDLE_IDENTIFIER = jackson.PokerApp;
				PRODUCT_NAME = "$(TARGET_NAME)";
				SWIFT_EMIT_LOC_STRINGS = YES;
				SWIFT_VERSION = 5.0;
				TARGETED_DEVICE_FAMILY = "1,2";
			};
			name = Release;
		};
		B1E5EE202AE2D99D0057AAF8 /* Debug */ = {
			isa = XCBuildConfiguration;
			buildSettings = {
				ALWAYS_EMBED_SWIFT_STANDARD_LIBRARIES = YES;
				BUNDLE_LOADER = "$(TEST_HOST)";
				CODE_SIGN_STYLE = Automatic;
				CURRENT_PROJECT_VERSION = 1;
				GENERATE_INFOPLIST_FILE = YES;
				IPHONEOS_DEPLOYMENT_TARGET = 17.0;
				MARKETING_VERSION = 1.0;
				PRODUCT_BUNDLE_IDENTIFIER = jackson.PokerAppTests;
				PRODUCT_NAME = "$(TARGET_NAME)";
				SWIFT_EMIT_LOC_STRINGS = NO;
				SWIFT_VERSION = 5.0;
				TARGETED_DEVICE_FAMILY = "1,2";
				TEST_HOST = "$(BUILT_PRODUCTS_DIR)/PokerApp.app/$(BUNDLE_EXECUTABLE_FOLDER_PATH)/PokerApp";
			};
			name = Debug;
		};
		B1E5EE212AE2D99D0057AAF8 /* Release */ = {
			isa = XCBuildConfiguration;
			buildSettings = {
				ALWAYS_EMBED_SWIFT_STANDARD_LIBRARIES = YES;
				BUNDLE_LOADER = "$(TEST_HOST)";
				CODE_SIGN_STYLE = Automatic;
				CURRENT_PROJECT_VERSION = 1;
				GENERATE_INFOPLIST_FILE = YES;
				IPHONEOS_DEPLOYMENT_TARGET = 17.0;
				MARKETING_VERSION = 1.0;
				PRODUCT_BUNDLE_IDENTIFIER = jackson.PokerAppTests;
				PRODUCT_NAME = "$(TARGET_NAME)";
				SWIFT_EMIT_LOC_STRINGS = NO;
				SWIFT_VERSION = 5.0;
				TARGETED_DEVICE_FAMILY = "1,2";
				TEST_HOST = "$(BUILT_PRODUCTS_DIR)/PokerApp.app/$(BUNDLE_EXECUTABLE_FOLDER_PATH)/PokerApp";
			};
			name = Release;
		};
		B1E5EE232AE2D99D0057AAF8 /* Debug */ = {
			isa = XCBuildConfiguration;
			buildSettings = {
				ALWAYS_EMBED_SWIFT_STANDARD_LIBRARIES = YES;
				CODE_SIGN_STYLE = Automatic;
				CURRENT_PROJECT_VERSION = 1;
				GENERATE_INFOPLIST_FILE = YES;
				MARKETING_VERSION = 1.0;
				PRODUCT_BUNDLE_IDENTIFIER = jackson.PokerAppUITests;
				PRODUCT_NAME = "$(TARGET_NAME)";
				SWIFT_EMIT_LOC_STRINGS = NO;
				SWIFT_VERSION = 5.0;
				TARGETED_DEVICE_FAMILY = "1,2";
				TEST_TARGET_NAME = PokerApp;
			};
			name = Debug;
		};
		B1E5EE242AE2D99D0057AAF8 /* Release */ = {
			isa = XCBuildConfiguration;
			buildSettings = {
				ALWAYS_EMBED_SWIFT_STANDARD_LIBRARIES = YES;
				CODE_SIGN_STYLE = Automatic;
				CURRENT_PROJECT_VERSION = 1;
				GENERATE_INFOPLIST_FILE = YES;
				MARKETING_VERSION = 1.0;
				PRODUCT_BUNDLE_IDENTIFIER = jackson.PokerAppUITests;
				PRODUCT_NAME = "$(TARGET_NAME)";
				SWIFT_EMIT_LOC_STRINGS = NO;
				SWIFT_VERSION = 5.0;
				TARGETED_DEVICE_FAMILY = "1,2";
				TEST_TARGET_NAME = PokerApp;
			};
			name = Release;
		};
/* End XCBuildConfiguration section */

/* Begin XCConfigurationList section */
		B1E5EDF32AE2D99C0057AAF8 /* Build configuration list for PBXProject "PokerApp" */ = {
			isa = XCConfigurationList;
			buildConfigurations = (
				B1E5EE1A2AE2D99D0057AAF8 /* Debug */,
				B1E5EE1B2AE2D99D0057AAF8 /* Release */,
			);
			defaultConfigurationIsVisible = 0;
			defaultConfigurationName = Release;
		};
		B1E5EE1C2AE2D99D0057AAF8 /* Build configuration list for PBXNativeTarget "PokerApp" */ = {
			isa = XCConfigurationList;
			buildConfigurations = (
				B1E5EE1D2AE2D99D0057AAF8 /* Debug */,
				B1E5EE1E2AE2D99D0057AAF8 /* Release */,
			);
			defaultConfigurationIsVisible = 0;
			defaultConfigurationName = Release;
		};
		B1E5EE1F2AE2D99D0057AAF8 /* Build configuration list for PBXNativeTarget "PokerAppTests" */ = {
			isa = XCConfigurationList;
			buildConfigurations = (
				B1E5EE202AE2D99D0057AAF8 /* Debug */,
				B1E5EE212AE2D99D0057AAF8 /* Release */,
			);
			defaultConfigurationIsVisible = 0;
			defaultConfigurationName = Release;
		};
		B1E5EE222AE2D99D0057AAF8 /* Build configuration list for PBXNativeTarget "PokerAppUITests" */ = {
			isa = XCConfigurationList;
			buildConfigurations = (
				B1E5EE232AE2D99D0057AAF8 /* Debug */,
				B1E5EE242AE2D99D0057AAF8 /* Release */,
			);
			defaultConfigurationIsVisible = 0;
			defaultConfigurationName = Release;
		};
/* End XCConfigurationList section */
	};
	rootObject = B1E5EDF02AE2D99C0057AAF8 /* Project object */;
}
